
Microsoft Visual Studio Solution File, Format Version 12.00
# Visual Studio Version 17
VisualStudioVersion = 17.0.31903.59
MinimumVisualStudioVersion = 10.0.40219.1
Project("{FAE04EC0-301F-11D3-BF4B-00C04F79EFBC}") = "WebApi1", "WebApi1\WebApi1.csproj", "{FAD0F77C-0858-4504-AC2B-3FF6BF988522}"
EndProject
Project("{FAE04EC0-301F-11D3-BF4B-00C04F79EFBC}") = "WebApi2", "WebApi2\WebApi2.csproj", "{AEA98E18-9078-4D80-A935-38C35DC94E6C}"
EndProject
Project("{FAE04EC0-301F-11D3-BF4B-00C04F79EFBC}") = "ApiGateway", "ApiGateway\ApiGateway.csproj", "{2C49C00F-E1E7-4573-B52E-F264148E4E53}"
EndProject
Global
	GlobalSection(SolutionConfigurationPlatforms) = preSolution
		Debug|Any CPU = Debug|Any CPU
		Debug|x64 = Debug|x64
		Debug|x86 = Debug|x86
		Release|Any CPU = Release|Any CPU
		Release|x64 = Release|x64
		Release|x86 = Release|x86
	EndGlobalSection
	GlobalSection(ProjectConfigurationPlatforms) = postSolution
		{FAD0F77C-0858-4504-AC2B-3FF6BF988522}.Debug|Any CPU.ActiveCfg = Debug|Any CPU
		{FAD0F77C-0858-4504-AC2B-3FF6BF988522}.Debug|Any CPU.Build.0 = Debug|Any CPU
		{FAD0F77C-0858-4504-AC2B-3FF6BF988522}.Debug|x64.ActiveCfg = Debug|Any CPU
		{FAD0F77C-0858-4504-AC2B-3FF6BF988522}.Debug|x64.Build.0 = Debug|Any CPU
		{FAD0F77C-0858-4504-AC2B-3FF6BF988522}.Debug|x86.ActiveCfg = Debug|Any CPU
		{FAD0F77C-0858-4504-AC2B-3FF6BF988522}.Debug|x86.Build.0 = Debug|Any CPU
		{FAD0F77C-0858-4504-AC2B-3FF6BF988522}.Release|Any CPU.ActiveCfg = Release|Any CPU
		{FAD0F77C-0858-4504-AC2B-3FF6BF988522}.Release|Any CPU.Build.0 = Release|Any CPU
		{FAD0F77C-0858-4504-AC2B-3FF6BF988522}.Release|x64.ActiveCfg = Release|Any CPU
		{FAD0F77C-0858-4504-AC2B-3FF6BF988522}.Release|x64.Build.0 = Release|Any CPU
		{FAD0F77C-0858-4504-AC2B-3FF6BF988522}.Release|x86.ActiveCfg = Release|Any CPU
		{FAD0F77C-0858-4504-AC2B-3FF6BF988522}.Release|x86.Build.0 = Release|Any CPU
		{AEA98E18-9078-4D80-A935-38C35DC94E6C}.Debug|Any CPU.ActiveCfg = Debug|Any CPU
		{AEA98E18-9078-4D80-A935-38C35DC94E6C}.Debug|Any CPU.Build.0 = Debug|Any CPU
		{AEA98E18-9078-4D80-A935-38C35DC94E6C}.Debug|x64.ActiveCfg = Debug|Any CPU
		{AEA98E18-9078-4D80-A935-38C35DC94E6C}.Debug|x64.Build.0 = Debug|Any CPU
		{AEA98E18-9078-4D80-A935-38C35DC94E6C}.Debug|x86.ActiveCfg = Debug|Any CPU
		{AEA98E18-9078-4D80-A935-38C35DC94E6C}.Debug|x86.Build.0 = Debug|Any CPU
		{AEA98E18-9078-4D80-A935-38C35DC94E6C}.Release|Any CPU.ActiveCfg = Release|Any CPU
		{AEA98E18-9078-4D80-A935-38C35DC94E6C}.Release|Any CPU.Build.0 = Release|Any CPU
		{AEA98E18-9078-4D80-A935-38C35DC94E6C}.Release|x64.ActiveCfg = Release|Any CPU
		{AEA98E18-9078-4D80-A935-38C35DC94E6C}.Release|x64.Build.0 = Release|Any CPU
		{AEA98E18-9078-4D80-A935-38C35DC94E6C}.Release|x86.ActiveCfg = Release|Any CPU
		{AEA98E18-9078-4D80-A935-38C35DC94E6C}.Release|x86.Build.0 = Release|Any CPU
		{2C49C00F-E1E7-4573-B52E-F264148E4E53}.Debug|Any CPU.ActiveCfg = Debug|Any CPU
		{2C49C00F-E1E7-4573-B52E-F264148E4E53}.Debug|Any CPU.Build.0 = Debug|Any CPU
		{2C49C00F-E1E7-4573-B52E-F264148E4E53}.Debug|x64.ActiveCfg = Debug|Any CPU
		{2C49C00F-E1E7-4573-B52E-F264148E4E53}.Debug|x64.Build.0 = Debug|Any CPU
		{2C49C00F-E1E7-4573-B52E-F264148E4E53}.Debug|x86.ActiveCfg = Debug|Any CPU
		{2C49C00F-E1E7-4573-B52E-F264148E4E53}.Debug|x86.Build.0 = Debug|Any CPU
		{2C49C00F-E1E7-4573-B52E-F264148E4E53}.Release|Any CPU.ActiveCfg = Release|Any CPU
		{2C49C00F-E1E7-4573-B52E-F264148E4E53}.Release|Any CPU.Build.0 = Release|Any CPU
		{2C49C00F-E1E7-4573-B52E-F264148E4E53}.Release|x64.ActiveCfg = Release|Any CPU
		{2C49C00F-E1E7-4573-B52E-F264148E4E53}.Release|x64.Build.0 = Release|Any CPU
		{2C49C00F-E1E7-4573-B52E-F264148E4E53}.Release|x86.ActiveCfg = Release|Any CPU
		{2C49C00F-E1E7-4573-B52E-F264148E4E53}.Release|x86.Build.0 = Release|Any CPU
	EndGlobalSection
	GlobalSection(SolutionProperties) = preSolution
		HideSolutionNode = FALSE
	EndGlobalSection
EndGlobal
